
Microsoft Visual Studio Solution File, Format Version 12.00
# Visual Studio 15
VisualStudioVersion = 15.0.26206.0
MinimumVisualStudioVersion = 10.0.40219.1
Project("{FAE04EC0-301F-11D3-BF4B-00C04F79EFBC}") = "WeakReactivePropertyExtentions", "WeakReactivePropertyExtentions\WeakReactivePropertyExtentions.csproj", "{53362718-ED6F-420A-B772-7D8444578582}"
EndProject
Project("{FAE04EC0-301F-11D3-BF4B-00C04F79EFBC}") = "ConsoleApp1", "ConsoleApp1\ConsoleApp1.csproj", "{34000EF2-6866-418F-9323-BED90C5EC76A}"
EndProject
Project("{D954291E-2A0B-460D-934E-DC6B0785DB48}") = "App1", "App1\App1\App1.shproj", "{84E08B57-71E8-4CA2-8D0B-FC4AE902D571}"
EndProject
Project("{FAE04EC0-301F-11D3-BF4B-00C04F79EFBC}") = "App1.Droid", "App1\App1.Droid\App1.Droid.csproj", "{FE75259C-441D-4C02-B816-067DD7E32EBC}"
EndProject
Project("{FAE04EC0-301F-11D3-BF4B-00C04F79EFBC}") = "App1.iOS", "App1\App1.iOS\App1.iOS.csproj", "{E08B31D5-1B2B-49D2-879C-AA5E92BF56DF}"
EndProject
Global
	GlobalSection(SharedMSBuildProjectFiles) = preSolution
		App1\App1\App1.projitems*{84e08b57-71e8-4ca2-8d0b-fc4ae902d571}*SharedItemsImports = 13
		App1\App1\App1.projitems*{e08b31d5-1b2b-49d2-879c-aa5e92bf56df}*SharedItemsImports = 4
		App1\App1\App1.projitems*{fe75259c-441d-4c02-b816-067dd7e32ebc}*SharedItemsImports = 4
	EndGlobalSection
	GlobalSection(SolutionConfigurationPlatforms) = preSolution
		Ad-Hoc|Any CPU = Ad-Hoc|Any CPU
		Ad-Hoc|iPhone = Ad-Hoc|iPhone
		Ad-Hoc|iPhoneSimulator = Ad-Hoc|iPhoneSimulator
		Ad-Hoc|x64 = Ad-Hoc|x64
		Ad-Hoc|x86 = Ad-Hoc|x86
		AppStore|Any CPU = AppStore|Any CPU
		AppStore|iPhone = AppStore|iPhone
		AppStore|iPhoneSimulator = AppStore|iPhoneSimulator
		AppStore|x64 = AppStore|x64
		AppStore|x86 = AppStore|x86
		Debug|Any CPU = Debug|Any CPU
		Debug|iPhone = Debug|iPhone
		Debug|iPhoneSimulator = Debug|iPhoneSimulator
		Debug|x64 = Debug|x64
		Debug|x86 = Debug|x86
		Release|Any CPU = Release|Any CPU
		Release|iPhone = Release|iPhone
		Release|iPhoneSimulator = Release|iPhoneSimulator
		Release|x64 = Release|x64
		Release|x86 = Release|x86
	EndGlobalSection
	GlobalSection(ProjectConfigurationPlatforms) = postSolution
		{53362718-ED6F-420A-B772-7D8444578582}.Ad-Hoc|Any CPU.ActiveCfg = Debug|Any CPU
		{53362718-ED6F-420A-B772-7D8444578582}.Ad-Hoc|Any CPU.Build.0 = Debug|Any CPU
		{53362718-ED6F-420A-B772-7D8444578582}.Ad-Hoc|iPhone.ActiveCfg = Debug|Any CPU
		{53362718-ED6F-420A-B772-7D8444578582}.Ad-Hoc|iPhone.Build.0 = Debug|Any CPU
		{53362718-ED6F-420A-B772-7D8444578582}.Ad-Hoc|iPhoneSimulator.ActiveCfg = Debug|Any CPU
		{53362718-ED6F-420A-B772-7D8444578582}.Ad-Hoc|iPhoneSimulator.Build.0 = Debug|Any CPU
		{53362718-ED6F-420A-B772-7D8444578582}.Ad-Hoc|x64.ActiveCfg = Release|x64
		{53362718-ED6F-420A-B772-7D8444578582}.Ad-Hoc|x64.Build.0 = Release|x64
		{53362718-ED6F-420A-B772-7D8444578582}.Ad-Hoc|x86.ActiveCfg = Release|x86
		{53362718-ED6F-420A-B772-7D8444578582}.Ad-Hoc|x86.Build.0 = Release|x86
		{53362718-ED6F-420A-B772-7D8444578582}.AppStore|Any CPU.ActiveCfg = Debug|Any CPU
		{53362718-ED6F-420A-B772-7D8444578582}.AppStore|Any CPU.Build.0 = Debug|Any CPU
		{53362718-ED6F-420A-B772-7D8444578582}.AppStore|iPhone.ActiveCfg = Debug|Any CPU
		{53362718-ED6F-420A-B772-7D8444578582}.AppStore|iPhone.Build.0 = Debug|Any CPU
		{53362718-ED6F-420A-B772-7D8444578582}.AppStore|iPhoneSimulator.ActiveCfg = Debug|Any CPU
		{53362718-ED6F-420A-B772-7D8444578582}.AppStore|iPhoneSimulator.Build.0 = Debug|Any CPU
		{53362718-ED6F-420A-B772-7D8444578582}.AppStore|x64.ActiveCfg = Release|x64
		{53362718-ED6F-420A-B772-7D8444578582}.AppStore|x64.Build.0 = Release|x64
		{53362718-ED6F-420A-B772-7D8444578582}.AppStore|x86.ActiveCfg = Release|x86
		{53362718-ED6F-420A-B772-7D8444578582}.AppStore|x86.Build.0 = Release|x86
		{53362718-ED6F-420A-B772-7D8444578582}.Debug|Any CPU.ActiveCfg = Debug|Any CPU
		{53362718-ED6F-420A-B772-7D8444578582}.Debug|Any CPU.Build.0 = Debug|Any CPU
		{53362718-ED6F-420A-B772-7D8444578582}.Debug|iPhone.ActiveCfg = Debug|Any CPU
		{53362718-ED6F-420A-B772-7D8444578582}.Debug|iPhone.Build.0 = Debug|Any CPU
		{53362718-ED6F-420A-B772-7D8444578582}.Debug|iPhoneSimulator.ActiveCfg = Debug|Any CPU
		{53362718-ED6F-420A-B772-7D8444578582}.Debug|iPhoneSimulator.Build.0 = Debug|Any CPU
		{53362718-ED6F-420A-B772-7D8444578582}.Debug|x64.ActiveCfg = Debug|x64
		{53362718-ED6F-420A-B772-7D8444578582}.Debug|x64.Build.0 = Debug|x64
		{53362718-ED6F-420A-B772-7D8444578582}.Debug|x86.ActiveCfg = Debug|x86
		{53362718-ED6F-420A-B772-7D8444578582}.Debug|x86.Build.0 = Debug|x86
		{53362718-ED6F-420A-B772-7D8444578582}.Release|Any CPU.ActiveCfg = Release|Any CPU
		{53362718-ED6F-420A-B772-7D8444578582}.Release|Any CPU.Build.0 = Release|Any CPU
		{53362718-ED6F-420A-B772-7D8444578582}.Release|iPhone.ActiveCfg = Release|Any CPU
		{53362718-ED6F-420A-B772-7D8444578582}.Release|iPhone.Build.0 = Release|Any CPU
		{53362718-ED6F-420A-B772-7D8444578582}.Release|iPhoneSimulator.ActiveCfg = Release|Any CPU
		{53362718-ED6F-420A-B772-7D8444578582}.Release|iPhoneSimulator.Build.0 = Release|Any CPU
		{53362718-ED6F-420A-B772-7D8444578582}.Release|x64.ActiveCfg = Release|x64
		{53362718-ED6F-420A-B772-7D8444578582}.Release|x64.Build.0 = Release|x64
		{53362718-ED6F-420A-B772-7D8444578582}.Release|x86.ActiveCfg = Release|x86
		{53362718-ED6F-420A-B772-7D8444578582}.Release|x86.Build.0 = Release|x86
		{34000EF2-6866-418F-9323-BED90C5EC76A}.Ad-Hoc|Any CPU.ActiveCfg = Debug|Any CPU
		{34000EF2-6866-418F-9323-BED90C5EC76A}.Ad-Hoc|Any CPU.Build.0 = Debug|Any CPU
		{34000EF2-6866-418F-9323-BED90C5EC76A}.Ad-Hoc|iPhone.ActiveCfg = Debug|Any CPU
		{34000EF2-6866-418F-9323-BED90C5EC76A}.Ad-Hoc|iPhone.Build.0 = Debug|Any CPU
		{34000EF2-6866-418F-9323-BED90C5EC76A}.Ad-Hoc|iPhoneSimulator.ActiveCfg = Debug|Any CPU
		{34000EF2-6866-418F-9323-BED90C5EC76A}.Ad-Hoc|iPhoneSimulator.Build.0 = Debug|Any CPU
		{34000EF2-6866-418F-9323-BED90C5EC76A}.Ad-Hoc|x64.ActiveCfg = Release|x64
		{34000EF2-6866-418F-9323-BED90C5EC76A}.Ad-Hoc|x64.Build.0 = Release|x64
		{34000EF2-6866-418F-9323-BED90C5EC76A}.Ad-Hoc|x86.ActiveCfg = Release|x86
		{34000EF2-6866-418F-9323-BED90C5EC76A}.Ad-Hoc|x86.Build.0 = Release|x86
		{34000EF2-6866-418F-9323-BED90C5EC76A}.AppStore|Any CPU.ActiveCfg = Debug|Any CPU
		{34000EF2-6866-418F-9323-BED90C5EC76A}.AppStore|Any CPU.Build.0 = Debug|Any CPU
		{34000EF2-6866-418F-9323-BED90C5EC76A}.AppStore|iPhone.ActiveCfg = Debug|Any CPU
		{34000EF2-6866-418F-9323-BED90C5EC76A}.AppStore|iPhone.Build.0 = Debug|Any CPU
		{34000EF2-6866-418F-9323-BED90C5EC76A}.AppStore|iPhoneSimulator.ActiveCfg = Debug|Any CPU
		{34000EF2-6866-418F-9323-BED90C5EC76A}.AppStore|iPhoneSimulator.Build.0 = Debug|Any CPU
		{34000EF2-6866-418F-9323-BED90C5EC76A}.AppStore|x64.ActiveCfg = Release|x64
		{34000EF2-6866-418F-9323-BED90C5EC76A}.AppStore|x64.Build.0 = Release|x64
		{34000EF2-6866-418F-9323-BED90C5EC76A}.AppStore|x86.ActiveCfg = Release|x86
		{34000EF2-6866-418F-9323-BED90C5EC76A}.AppStore|x86.Build.0 = Release|x86
		{34000EF2-6866-418F-9323-BED90C5EC76A}.Debug|Any CPU.ActiveCfg = Debug|Any CPU
		{34000EF2-6866-418F-9323-BED90C5EC76A}.Debug|Any CPU.Build.0 = Debug|Any CPU
		{34000EF2-6866-418F-9323-BED90C5EC76A}.Debug|iPhone.ActiveCfg = Debug|Any CPU
		{34000EF2-6866-418F-9323-BED90C5EC76A}.Debug|iPhone.Build.0 = Debug|Any CPU
		{34000EF2-6866-418F-9323-BED90C5EC76A}.Debug|iPhoneSimulator.ActiveCfg = Debug|Any CPU
		{34000EF2-6866-418F-9323-BED90C5EC76A}.Debug|iPhoneSimulator.Build.0 = Debug|Any CPU
		{34000EF2-6866-418F-9323-BED90C5EC76A}.Debug|x64.ActiveCfg = Debug|x64
		{34000EF2-6866-418F-9323-BED90C5EC76A}.Debug|x64.Build.0 = Debug|x64
		{34000EF2-6866-418F-9323-BED90C5EC76A}.Debug|x86.ActiveCfg = Debug|x86
		{34000EF2-6866-418F-9323-BED90C5EC76A}.Debug|x86.Build.0 = Debug|x86
		{34000EF2-6866-418F-9323-BED90C5EC76A}.Release|Any CPU.ActiveCfg = Release|Any CPU
		{34000EF2-6866-418F-9323-BED90C5EC76A}.Release|Any CPU.Build.0 = Release|Any CPU
		{34000EF2-6866-418F-9323-BED90C5EC76A}.Release|iPhone.ActiveCfg = Release|Any CPU
		{34000EF2-6866-418F-9323-BED90C5EC76A}.Release|iPhone.Build.0 = Release|Any CPU
		{34000EF2-6866-418F-9323-BED90C5EC76A}.Release|iPhoneSimulator.ActiveCfg = Release|Any CPU
		{34000EF2-6866-418F-9323-BED90C5EC76A}.Release|iPhoneSimulator.Build.0 = Release|Any CPU
		{34000EF2-6866-418F-9323-BED90C5EC76A}.Release|x64.ActiveCfg = Release|x64
		{34000EF2-6866-418F-9323-BED90C5EC76A}.Release|x64.Build.0 = Release|x64
		{34000EF2-6866-418F-9323-BED90C5EC76A}.Release|x86.ActiveCfg = Release|x86
		{34000EF2-6866-418F-9323-BED90C5EC76A}.Release|x86.Build.0 = Release|x86
		{FE75259C-441D-4C02-B816-067DD7E32EBC}.Ad-Hoc|Any CPU.ActiveCfg = Release|Any CPU
		{FE75259C-441D-4C02-B816-067DD7E32EBC}.Ad-Hoc|Any CPU.Build.0 = Release|Any CPU
		{FE75259C-441D-4C02-B816-067DD7E32EBC}.Ad-Hoc|Any CPU.Deploy.0 = Release|Any CPU
		{FE75259C-441D-4C02-B816-067DD7E32EBC}.Ad-Hoc|iPhone.ActiveCfg = Release|Any CPU
		{FE75259C-441D-4C02-B816-067DD7E32EBC}.Ad-Hoc|iPhone.Build.0 = Release|Any CPU
		{FE75259C-441D-4C02-B816-067DD7E32EBC}.Ad-Hoc|iPhone.Deploy.0 = Release|Any CPU
		{FE75259C-441D-4C02-B816-067DD7E32EBC}.Ad-Hoc|iPhoneSimulator.ActiveCfg = Release|Any CPU
		{FE75259C-441D-4C02-B816-067DD7E32EBC}.Ad-Hoc|iPhoneSimulator.Build.0 = Release|Any CPU
		{FE75259C-441D-4C02-B816-067DD7E32EBC}.Ad-Hoc|iPhoneSimulator.Deploy.0 = Release|Any CPU
		{FE75259C-441D-4C02-B816-067DD7E32EBC}.Ad-Hoc|x64.ActiveCfg = Release|Any CPU
		{FE75259C-441D-4C02-B816-067DD7E32EBC}.Ad-Hoc|x64.Build.0 = Release|Any CPU
		{FE75259C-441D-4C02-B816-067DD7E32EBC}.Ad-Hoc|x64.Deploy.0 = Release|Any CPU
		{FE75259C-441D-4C02-B816-067DD7E32EBC}.Ad-Hoc|x86.ActiveCfg = Release|Any CPU
		{FE75259C-441D-4C02-B816-067DD7E32EBC}.Ad-Hoc|x86.Build.0 = Release|Any CPU
		{FE75259C-441D-4C02-B816-067DD7E32EBC}.Ad-Hoc|x86.Deploy.0 = Release|Any CPU
		{FE75259C-441D-4C02-B816-067DD7E32EBC}.AppStore|Any CPU.ActiveCfg = Release|Any CPU
		{FE75259C-441D-4C02-B816-067DD7E32EBC}.AppStore|Any CPU.Build.0 = Release|Any CPU
		{FE75259C-441D-4C02-B816-067DD7E32EBC}.AppStore|Any CPU.Deploy.0 = Release|Any CPU
		{FE75259C-441D-4C02-B816-067DD7E32EBC}.AppStore|iPhone.ActiveCfg = Release|Any CPU
		{FE75259C-441D-4C02-B816-067DD7E32EBC}.AppStore|iPhone.Build.0 = Release|Any CPU
		{FE75259C-441D-4C02-B816-067DD7E32EBC}.AppStore|iPhone.Deploy.0 = Release|Any CPU
		{FE75259C-441D-4C02-B816-067DD7E32EBC}.AppStore|iPhoneSimulator.ActiveCfg = Release|Any CPU
		{FE75259C-441D-4C02-B816-067DD7E32EBC}.AppStore|iPhoneSimulator.Build.0 = Release|Any CPU
		{FE75259C-441D-4C02-B816-067DD7E32EBC}.AppStore|iPhoneSimulator.Deploy.0 = Release|Any CPU
		{FE75259C-441D-4C02-B816-067DD7E32EBC}.AppStore|x64.ActiveCfg = Release|Any CPU
		{FE75259C-441D-4C02-B816-067DD7E32EBC}.AppStore|x64.Build.0 = Release|Any CPU
		{FE75259C-441D-4C02-B816-067DD7E32EBC}.AppStore|x64.Deploy.0 = Release|Any CPU
		{FE75259C-441D-4C02-B816-067DD7E32EBC}.AppStore|x86.ActiveCfg = Release|Any CPU
		{FE75259C-441D-4C02-B816-067DD7E32EBC}.AppStore|x86.Build.0 = Release|Any CPU
		{FE75259C-441D-4C02-B816-067DD7E32EBC}.AppStore|x86.Deploy.0 = Release|Any CPU
		{FE75259C-441D-4C02-B816-067DD7E32EBC}.Debug|Any CPU.ActiveCfg = Debug|Any CPU
		{FE75259C-441D-4C02-B816-067DD7E32EBC}.Debug|Any CPU.Build.0 = Debug|Any CPU
		{FE75259C-441D-4C02-B816-067DD7E32EBC}.Debug|Any CPU.Deploy.0 = Debug|Any CPU
		{FE75259C-441D-4C02-B816-067DD7E32EBC}.Debug|iPhone.ActiveCfg = Debug|Any CPU
		{FE75259C-441D-4C02-B816-067DD7E32EBC}.Debug|iPhone.Build.0 = Debug|Any CPU
		{FE75259C-441D-4C02-B816-067DD7E32EBC}.Debug|iPhone.Deploy.0 = Debug|Any CPU
		{FE75259C-441D-4C02-B816-067DD7E32EBC}.Debug|iPhoneSimulator.ActiveCfg = Debug|Any CPU
		{FE75259C-441D-4C02-B816-067DD7E32EBC}.Debug|iPhoneSimulator.Build.0 = Debug|Any CPU
		{FE75259C-441D-4C02-B816-067DD7E32EBC}.Debug|iPhoneSimulator.Deploy.0 = Debug|Any CPU
		{FE75259C-441D-4C02-B816-067DD7E32EBC}.Debug|x64.ActiveCfg = Debug|Any CPU
		{FE75259C-441D-4C02-B816-067DD7E32EBC}.Debug|x64.Build.0 = Debug|Any CPU
		{FE75259C-441D-4C02-B816-067DD7E32EBC}.Debug|x64.Deploy.0 = Debug|Any CPU
		{FE75259C-441D-4C02-B816-067DD7E32EBC}.Debug|x86.ActiveCfg = Debug|Any CPU
		{FE75259C-441D-4C02-B816-067DD7E32EBC}.Debug|x86.Build.0 = Debug|Any CPU
		{FE75259C-441D-4C02-B816-067DD7E32EBC}.Debug|x86.Deploy.0 = Debug|Any CPU
		{FE75259C-441D-4C02-B816-067DD7E32EBC}.Release|Any CPU.ActiveCfg = Release|Any CPU
		{FE75259C-441D-4C02-B816-067DD7E32EBC}.Release|Any CPU.Build.0 = Release|Any CPU
		{FE75259C-441D-4C02-B816-067DD7E32EBC}.Release|Any CPU.Deploy.0 = Release|Any CPU
		{FE75259C-441D-4C02-B816-067DD7E32EBC}.Release|iPhone.ActiveCfg = Release|Any CPU
		{FE75259C-441D-4C02-B816-067DD7E32EBC}.Release|iPhone.Build.0 = Release|Any CPU
		{FE75259C-441D-4C02-B816-067DD7E32EBC}.Release|iPhone.Deploy.0 = Release|Any CPU
		{FE75259C-441D-4C02-B816-067DD7E32EBC}.Release|iPhoneSimulator.ActiveCfg = Release|Any CPU
		{FE75259C-441D-4C02-B816-067DD7E32EBC}.Release|iPhoneSimulator.Build.0 = Release|Any CPU
		{FE75259C-441D-4C02-B816-067DD7E32EBC}.Release|iPhoneSimulator.Deploy.0 = Release|Any CPU
		{FE75259C-441D-4C02-B816-067DD7E32EBC}.Release|x64.ActiveCfg = Release|Any CPU
		{FE75259C-441D-4C02-B816-067DD7E32EBC}.Release|x64.Build.0 = Release|Any CPU
		{FE75259C-441D-4C02-B816-067DD7E32EBC}.Release|x64.Deploy.0 = Release|Any CPU
		{FE75259C-441D-4C02-B816-067DD7E32EBC}.Release|x86.ActiveCfg = Release|Any CPU
		{FE75259C-441D-4C02-B816-067DD7E32EBC}.Release|x86.Build.0 = Release|Any CPU
		{FE75259C-441D-4C02-B816-067DD7E32EBC}.Release|x86.Deploy.0 = Release|Any CPU
		{E08B31D5-1B2B-49D2-879C-AA5E92BF56DF}.Ad-Hoc|Any CPU.ActiveCfg = Ad-Hoc|iPhone
		{E08B31D5-1B2B-49D2-879C-AA5E92BF56DF}.Ad-Hoc|iPhone.ActiveCfg = Ad-Hoc|iPhone
		{E08B31D5-1B2B-49D2-879C-AA5E92BF56DF}.Ad-Hoc|iPhone.Build.0 = Ad-Hoc|iPhone
		{E08B31D5-1B2B-49D2-879C-AA5E92BF56DF}.Ad-Hoc|iPhoneSimulator.ActiveCfg = Ad-Hoc|iPhoneSimulator
		{E08B31D5-1B2B-49D2-879C-AA5E92BF56DF}.Ad-Hoc|iPhoneSimulator.Build.0 = Ad-Hoc|iPhoneSimulator
		{E08B31D5-1B2B-49D2-879C-AA5E92BF56DF}.Ad-Hoc|x64.ActiveCfg = Ad-Hoc|iPhone
		{E08B31D5-1B2B-49D2-879C-AA5E92BF56DF}.Ad-Hoc|x86.ActiveCfg = Ad-Hoc|iPhone
		{E08B31D5-1B2B-49D2-879C-AA5E92BF56DF}.AppStore|Any CPU.ActiveCfg = AppStore|iPhone
		{E08B31D5-1B2B-49D2-879C-AA5E92BF56DF}.AppStore|iPhone.ActiveCfg = AppStore|iPhone
		{E08B31D5-1B2B-49D2-879C-AA5E92BF56DF}.AppStore|iPhone.Build.0 = AppStore|iPhone
		{E08B31D5-1B2B-49D2-879C-AA5E92BF56DF}.AppStore|iPhoneSimulator.ActiveCfg = AppStore|iPhoneSimulator
		{E08B31D5-1B2B-49D2-879C-AA5E92BF56DF}.AppStore|iPhoneSimulator.Build.0 = AppStore|iPhoneSimulator
		{E08B31D5-1B2B-49D2-879C-AA5E92BF56DF}.AppStore|x64.ActiveCfg = AppStore|iPhone
		{E08B31D5-1B2B-49D2-879C-AA5E92BF56DF}.AppStore|x86.ActiveCfg = AppStore|iPhone
		{E08B31D5-1B2B-49D2-879C-AA5E92BF56DF}.Debug|Any CPU.ActiveCfg = Debug|iPhone
		{E08B31D5-1B2B-49D2-879C-AA5E92BF56DF}.Debug|iPhone.ActiveCfg = Debug|iPhone
		{E08B31D5-1B2B-49D2-879C-AA5E92BF56DF}.Debug|iPhone.Build.0 = Debug|iPhone
		{E08B31D5-1B2B-49D2-879C-AA5E92BF56DF}.Debug|iPhoneSimulator.ActiveCfg = Debug|iPhoneSimulator
		{E08B31D5-1B2B-49D2-879C-AA5E92BF56DF}.Debug|iPhoneSimulator.Build.0 = Debug|iPhoneSimulator
		{E08B31D5-1B2B-49D2-879C-AA5E92BF56DF}.Debug|x64.ActiveCfg = Debug|iPhone
		{E08B31D5-1B2B-49D2-879C-AA5E92BF56DF}.Debug|x86.ActiveCfg = Debug|iPhone
		{E08B31D5-1B2B-49D2-879C-AA5E92BF56DF}.Release|Any CPU.ActiveCfg = Release|iPhone
		{E08B31D5-1B2B-49D2-879C-AA5E92BF56DF}.Release|iPhone.ActiveCfg = Release|iPhone
		{E08B31D5-1B2B-49D2-879C-AA5E92BF56DF}.Release|iPhone.Build.0 = Release|iPhone
		{E08B31D5-1B2B-49D2-879C-AA5E92BF56DF}.Release|iPhoneSimulator.ActiveCfg = Release|iPhoneSimulator
		{E08B31D5-1B2B-49D2-879C-AA5E92BF56DF}.Release|iPhoneSimulator.Build.0 = Release|iPhoneSimulator
		{E08B31D5-1B2B-49D2-879C-AA5E92BF56DF}.Release|x64.ActiveCfg = Release|iPhone
		{E08B31D5-1B2B-49D2-879C-AA5E92BF56DF}.Release|x86.ActiveCfg = Release|iPhone
	EndGlobalSection
	GlobalSection(SolutionProperties) = preSolution
		HideSolutionNode = FALSE
	EndGlobalSection
EndGlobal
